
Microsoft Visual Studio Solution File, Format Version 12.00
# Visual Studio Version 17
VisualStudioVersion = 17.4.33205.214
MinimumVisualStudioVersion = 10.0.40219.1
Project("{FAE04EC0-301F-11D3-BF4B-00C04F79EFBC}") = "Cotizaciones", "Cotizaciones\Cotizaciones.csproj", "{F8ECF33A-94A6-4F80-A3A1-BEBA7876F40C}"
EndProject
Global
	GlobalSection(SolutionConfigurationPlatforms) = preSolution
		Debug|Any CPU = Debug|Any CPU
		Release|Any CPU = Release|Any CPU
	EndGlobalSection
	GlobalSection(ProjectConfigurationPlatforms) = postSolution
		{F8ECF33A-94A6-4F80-A3A1-BEBA7876F40C}.Debug|Any CPU.ActiveCfg = Debug|Any CPU
		{F8ECF33A-94A6-4F80-A3A1-BEBA7876F40C}.Debug|Any CPU.Build.0 = Debug|Any CPU
		{F8ECF33A-94A6-4F80-A3A1-BEBA7876F40C}.Release|Any CPU.ActiveCfg = Release|Any CPU
		{F8ECF33A-94A6-4F80-A3A1-BEBA7876F40C}.Release|Any CPU.Build.0 = Release|Any CPU
	EndGlobalSection
	GlobalSection(SolutionProperties) = preSolution
		HideSolutionNode = FALSE
	EndGlobalSection
	GlobalSection(ExtensibilityGlobals) = postSolution
		SolutionGuid = {932D17D8-57A7-42EB-9292-2E90EEC15623}
	EndGlobalSection
EndGlobal
